
Microsoft Visual Studio Solution File, Format Version 12.00
# Visual Studio Version 16
VisualStudioVersion = 16.0.810.11
MinimumVisualStudioVersion = 10.0.40219.1
Project("{FAE04EC0-301F-11D3-BF4B-00C04F79EFBC}") = "SecondMax", "SecondMax\SecondMax.csproj", "{D78B8D43-EBA8-4A9D-AE0D-A98317FDC88D}"
EndProject
Global
	GlobalSection(SolutionConfigurationPlatforms) = preSolution
		Debug|Any CPU = Debug|Any CPU
		Release|Any CPU = Release|Any CPU
	EndGlobalSection
	GlobalSection(ProjectConfigurationPlatforms) = postSolution
		{D78B8D43-EBA8-4A9D-AE0D-A98317FDC88D}.Debug|Any CPU.ActiveCfg = Debug|Any CPU
		{D78B8D43-EBA8-4A9D-AE0D-A98317FDC88D}.Debug|Any CPU.Build.0 = Debug|Any CPU
		{D78B8D43-EBA8-4A9D-AE0D-A98317FDC88D}.Release|Any CPU.ActiveCfg = Release|Any CPU
		{D78B8D43-EBA8-4A9D-AE0D-A98317FDC88D}.Release|Any CPU.Build.0 = Release|Any CPU
	EndGlobalSection
	GlobalSection(SolutionProperties) = preSolution
		HideSolutionNode = FALSE
	EndGlobalSection
	GlobalSection(ExtensibilityGlobals) = postSolution
		SolutionGuid = {D26E97D1-E901-4147-891D-3762EEC8C5BA}
	EndGlobalSection
EndGlobal
